// !$*UTF8*$!
{
	archiveVersion = 1;
	classes = {
	};
	objectVersion = 51;
	objects = {

/* Begin PBXBuildFile section */
		4E262FF6248C9BE000026E04 /* Main.storyboard in Resources */ = {isa = PBXBuildFile; fileRef = 4E262FF4248C9BE000026E04 /* Main.storyboard */; };
		4E262FF8248C9BE800026E04 /* Assets.xcassets in Resources */ = {isa = PBXBuildFile; fileRef = 4E262FF7248C9BE800026E04 /* Assets.xcassets */; };
		4E768392248D559D009DB52A /* GoogleService-Info.plist in Resources */ = {isa = PBXBuildFile; fileRef = 4E768391248D559D009DB52A /* GoogleService-Info.plist */; };
		4ED410C2248C9CD9001CFB18 /* Service.swift in Sources */ = {isa = PBXBuildFile; fileRef = 4ED41097248C9CD8001CFB18 /* Service.swift */; };
		4ED410C3248C9CD9001CFB18 /* RiderService.swift in Sources */ = {isa = PBXBuildFile; fileRef = 4ED41098248C9CD8001CFB18 /* RiderService.swift */; };
		4ED410C4248C9CD9001CFB18 /* DriverService.swift in Sources */ = {isa = PBXBuildFile; fileRef = 4ED41099248C9CD8001CFB18 /* DriverService.swift */; };
		4ED410C5248C9CD9001CFB18 /* LocationHandler.swift in Sources */ = {isa = PBXBuildFile; fileRef = 4ED4109B248C9CD8001CFB18 /* LocationHandler.swift */; };
		4ED410C6248C9CD9001CFB18 /* Extensions.swift in Sources */ = {isa = PBXBuildFile; fileRef = 4ED4109C248C9CD8001CFB18 /* Extensions.swift */; };
		4ED410C7248C9CD9001CFB18 /* Constants.swift in Sources */ = {isa = PBXBuildFile; fileRef = 4ED4109F248C9CD8001CFB18 /* Constants.swift */; };
		4ED410C8248C9CD9001CFB18 /* SettingsController.swift in Sources */ = {isa = PBXBuildFile; fileRef = 4ED410A2248C9CD8001CFB18 /* SettingsController.swift */; };
		4ED410C9248C9CD9001CFB18 /* AddLocationController.swift in Sources */ = {isa = PBXBuildFile; fileRef = 4ED410A3248C9CD8001CFB18 /* AddLocationController.swift */; };
		4ED410CA248C9CD9001CFB18 /* MenuController.swift in Sources */ = {isa = PBXBuildFile; fileRef = 4ED410A4248C9CD8001CFB18 /* MenuController.swift */; };
		4ED410CB248C9CD9001CFB18 /* Trip.swift in Sources */ = {isa = PBXBuildFile; fileRef = 4ED410A6248C9CD8001CFB18 /* Trip.swift */; };
		4ED410CC248C9CD9001CFB18 /* User.swift in Sources */ = {isa = PBXBuildFile; fileRef = 4ED410A7248C9CD8001CFB18 /* User.swift */; };
		4ED410CD248C9CD9001CFB18 /* SettingsHeader.swift in Sources */ = {isa = PBXBuildFile; fileRef = 4ED410A9248C9CD8001CFB18 /* SettingsHeader.swift */; };
		4ED410CE248C9CD9001CFB18 /* LocationInputView.swift in Sources */ = {isa = PBXBuildFile; fileRef = 4ED410AA248C9CD8001CFB18 /* LocationInputView.swift */; };
		4ED410CF248C9CD9001CFB18 /* MenuHeader.swift in Sources */ = {isa = PBXBuildFile; fileRef = 4ED410AB248C9CD8001CFB18 /* MenuHeader.swift */; };
		4ED410D0248C9CD9001CFB18 /* CircularProgressView.swift in Sources */ = {isa = PBXBuildFile; fileRef = 4ED410AC248C9CD8001CFB18 /* CircularProgressView.swift */; };
		4ED410D1248C9CD9001CFB18 /* LocationCell.swift in Sources */ = {isa = PBXBuildFile; fileRef = 4ED410AD248C9CD8001CFB18 /* LocationCell.swift */; };
		4ED410D2248C9CD9001CFB18 /* LocationInputActivationView.swift in Sources */ = {isa = PBXBuildFile; fileRef = 4ED410AE248C9CD8001CFB18 /* LocationInputActivationView.swift */; };
		4ED410D3248C9CD9001CFB18 /* AuthButton.swift in Sources */ = {isa = PBXBuildFile; fileRef = 4ED410AF248C9CD8001CFB18 /* AuthButton.swift */; };
		4ED410D4248C9CD9001CFB18 /* DriverAnnotation.swift in Sources */ = {isa = PBXBuildFile; fileRef = 4ED410B0248C9CD8001CFB18 /* DriverAnnotation.swift */; };
		4ED410D5248C9CD9001CFB18 /* RideActionView.swift in Sources */ = {isa = PBXBuildFile; fileRef = 4ED410B1248C9CD8001CFB18 /* RideActionView.swift */; };
		4ED410D7248C9CD9001CFB18 /* LaunchScreen.storyboard in Resources */ = {isa = PBXBuildFile; fileRef = 4ED410B5248C9CD9001CFB18 /* LaunchScreen.storyboard */; };
		4ED410D8248C9CD9001CFB18 /* AppDelegate.swift in Sources */ = {isa = PBXBuildFile; fileRef = 4ED410B7248C9CD9001CFB18 /* AppDelegate.swift */; };
		4ED410D9248C9CD9001CFB18 /* SceneDelegate.swift in Sources */ = {isa = PBXBuildFile; fileRef = 4ED410B8248C9CD9001CFB18 /* SceneDelegate.swift */; };
		4ED410DA248C9CD9001CFB18 /* PickupController.swift in Sources */ = {isa = PBXBuildFile; fileRef = 4ED410BC248C9CD9001CFB18 /* PickupController.swift */; };
		4ED410DB248C9CD9001CFB18 /* HomeController.swift in Sources */ = {isa = PBXBuildFile; fileRef = 4ED410BD248C9CD9001CFB18 /* HomeController.swift */; };
		4ED410DC248C9CD9001CFB18 /* ContainerView.swift in Sources */ = {isa = PBXBuildFile; fileRef = 4ED410BE248C9CD9001CFB18 /* ContainerView.swift */; };
		4ED410DD248C9CD9001CFB18 /* LoginController.swift in Sources */ = {isa = PBXBuildFile; fileRef = 4ED410C0248C9CD9001CFB18 /* LoginController.swift */; };
		4ED410DE248C9CD9001CFB18 /* SignUpController.swift in Sources */ = {isa = PBXBuildFile; fileRef = 4ED410C1248C9CD9001CFB18 /* SignUpController.swift */; };
		BE3FA1934C4A518E639F8831 /* Pods_GrabDriver.framework in Frameworks */ = {isa = PBXBuildFile; fileRef = 2753454296299DC44CAD00BB /* Pods_GrabDriver.framework */; };
/* End PBXBuildFile section */

/* Begin PBXFileReference section */
		2753454296299DC44CAD00BB /* Pods_GrabDriver.framework */ = {isa = PBXFileReference; explicitFileType = wrapper.framework; includeInIndex = 0; path = Pods_GrabDriver.framework; sourceTree = BUILT_PRODUCTS_DIR; };
		4E262FEB248C9BE000026E04 /* Grab Driver.app */ = {isa = PBXFileReference; explicitFileType = wrapper.application; includeInIndex = 0; path = "Grab Driver.app"; sourceTree = BUILT_PRODUCTS_DIR; };
		4E262FF5248C9BE000026E04 /* Base */ = {isa = PBXFileReference; lastKnownFileType = file.storyboard; name = Base; path = Base.lproj/Main.storyboard; sourceTree = "<group>"; };
		4E262FF7248C9BE800026E04 /* Assets.xcassets */ = {isa = PBXFileReference; lastKnownFileType = folder.assetcatalog; path = Assets.xcassets; sourceTree = "<group>"; };
		4E262FFC248C9BE800026E04 /* Info.plist */ = {isa = PBXFileReference; lastKnownFileType = text.plist.xml; path = Info.plist; sourceTree = "<group>"; };
		4E768391248D559D009DB52A /* GoogleService-Info.plist */ = {isa = PBXFileReference; fileEncoding = 4; lastKnownFileType = text.plist.xml; path = "GoogleService-Info.plist"; sourceTree = "<group>"; };
		4ED41097248C9CD8001CFB18 /* Service.swift */ = {isa = PBXFileReference; fileEncoding = 4; lastKnownFileType = sourcecode.swift; path = Service.swift; sourceTree = "<group>"; };
		4ED41098248C9CD8001CFB18 /* RiderService.swift */ = {isa = PBXFileReference; fileEncoding = 4; lastKnownFileType = sourcecode.swift; path = RiderService.swift; sourceTree = "<group>"; };
		4ED41099248C9CD8001CFB18 /* DriverService.swift */ = {isa = PBXFileReference; fileEncoding = 4; lastKnownFileType = sourcecode.swift; path = DriverService.swift; sourceTree = "<group>"; };
		4ED4109B248C9CD8001CFB18 /* LocationHandler.swift */ = {isa = PBXFileReference; fileEncoding = 4; lastKnownFileType = sourcecode.swift; path = LocationHandler.swift; sourceTree = "<group>"; };
		4ED4109C248C9CD8001CFB18 /* Extensions.swift */ = {isa = PBXFileReference; fileEncoding = 4; lastKnownFileType = sourcecode.swift; path = Extensions.swift; sourceTree = "<group>"; };
		4ED4109F248C9CD8001CFB18 /* Constants.swift */ = {isa = PBXFileReference; fileEncoding = 4; lastKnownFileType = sourcecode.swift; path = Constants.swift; sourceTree = "<group>"; };
		4ED410A2248C9CD8001CFB18 /* SettingsController.swift */ = {isa = PBXFileReference; fileEncoding = 4; lastKnownFileType = sourcecode.swift; path = SettingsController.swift; sourceTree = "<group>"; };
		4ED410A3248C9CD8001CFB18 /* AddLocationController.swift */ = {isa = PBXFileReference; fileEncoding = 4; lastKnownFileType = sourcecode.swift; path = AddLocationController.swift; sourceTree = "<group>"; };
		4ED410A4248C9CD8001CFB18 /* MenuController.swift */ = {isa = PBXFileReference; fileEncoding = 4; lastKnownFileType = sourcecode.swift; path = MenuController.swift; sourceTree = "<group>"; };
		4ED410A6248C9CD8001CFB18 /* Trip.swift */ = {isa = PBXFileReference; fileEncoding = 4; lastKnownFileType = sourcecode.swift; path = Trip.swift; sourceTree = "<group>"; };
		4ED410A7248C9CD8001CFB18 /* User.swift */ = {isa = PBXFileReference; fileEncoding = 4; lastKnownFileType = sourcecode.swift; path = User.swift; sourceTree = "<group>"; };
		4ED410A9248C9CD8001CFB18 /* SettingsHeader.swift */ = {isa = PBXFileReference; fileEncoding = 4; lastKnownFileType = sourcecode.swift; path = SettingsHeader.swift; sourceTree = "<group>"; };
		4ED410AA248C9CD8001CFB18 /* LocationInputView.swift */ = {isa = PBXFileReference; fileEncoding = 4; lastKnownFileType = sourcecode.swift; path = LocationInputView.swift; sourceTree = "<group>"; };
		4ED410AB248C9CD8001CFB18 /* MenuHeader.swift */ = {isa = PBXFileReference; fileEncoding = 4; lastKnownFileType = sourcecode.swift; path = MenuHeader.swift; sourceTree = "<group>"; };
		4ED410AC248C9CD8001CFB18 /* CircularProgressView.swift */ = {isa = PBXFileReference; fileEncoding = 4; lastKnownFileType = sourcecode.swift; path = CircularProgressView.swift; sourceTree = "<group>"; };
		4ED410AD248C9CD8001CFB18 /* LocationCell.swift */ = {isa = PBXFileReference; fileEncoding = 4; lastKnownFileType = sourcecode.swift; path = LocationCell.swift; sourceTree = "<group>"; };
		4ED410AE248C9CD8001CFB18 /* LocationInputActivationView.swift */ = {isa = PBXFileReference; fileEncoding = 4; lastKnownFileType = sourcecode.swift; path = LocationInputActivationView.swift; sourceTree = "<group>"; };
		4ED410AF248C9CD8001CFB18 /* AuthButton.swift */ = {isa = PBXFileReference; fileEncoding = 4; lastKnownFileType = sourcecode.swift; path = AuthButton.swift; sourceTree = "<group>"; };
		4ED410B0248C9CD8001CFB18 /* DriverAnnotation.swift */ = {isa = PBXFileReference; fileEncoding = 4; lastKnownFileType = sourcecode.swift; path = DriverAnnotation.swift; sourceTree = "<group>"; };
		4ED410B1248C9CD8001CFB18 /* RideActionView.swift */ = {isa = PBXFileReference; fileEncoding = 4; lastKnownFileType = sourcecode.swift; path = RideActionView.swift; sourceTree = "<group>"; };
		4ED410B6248C9CD9001CFB18 /* Base */ = {isa = PBXFileReference; lastKnownFileType = file.storyboard; name = Base; path = Base.lproj/LaunchScreen.storyboard; sourceTree = "<group>"; };
		4ED410B7248C9CD9001CFB18 /* AppDelegate.swift */ = {isa = PBXFileReference; fileEncoding = 4; lastKnownFileType = sourcecode.swift; path = AppDelegate.swift; sourceTree = "<group>"; };
		4ED410B8248C9CD9001CFB18 /* SceneDelegate.swift */ = {isa = PBXFileReference; fileEncoding = 4; lastKnownFileType = sourcecode.swift; path = SceneDelegate.swift; sourceTree = "<group>"; };
		4ED410BC248C9CD9001CFB18 /* PickupController.swift */ = {isa = PBXFileReference; fileEncoding = 4; lastKnownFileType = sourcecode.swift; path = PickupController.swift; sourceTree = "<group>"; };
		4ED410BD248C9CD9001CFB18 /* HomeController.swift */ = {isa = PBXFileReference; fileEncoding = 4; lastKnownFileType = sourcecode.swift; path = HomeController.swift; sourceTree = "<group>"; };
		4ED410BE248C9CD9001CFB18 /* ContainerView.swift */ = {isa = PBXFileReference; fileEncoding = 4; lastKnownFileType = sourcecode.swift; path = ContainerView.swift; sourceTree = "<group>"; };
		4ED410C0248C9CD9001CFB18 /* LoginController.swift */ = {isa = PBXFileReference; fileEncoding = 4; lastKnownFileType = sourcecode.swift; path = LoginController.swift; sourceTree = "<group>"; };
		4ED410C1248C9CD9001CFB18 /* SignUpController.swift */ = {isa = PBXFileReference; fileEncoding = 4; lastKnownFileType = sourcecode.swift; path = SignUpController.swift; sourceTree = "<group>"; };
		932D3589980AA40E65CCA2CA /* Pods-GrabDriver.release.xcconfig */ = {isa = PBXFileReference; includeInIndex = 1; lastKnownFileType = text.xcconfig; name = "Pods-GrabDriver.release.xcconfig"; path = "Target Support Files/Pods-GrabDriver/Pods-GrabDriver.release.xcconfig"; sourceTree = "<group>"; };
		B61B9ED47F51E1BBDFE5DC64 /* Pods-GrabDriver.debug.xcconfig */ = {isa = PBXFileReference; includeInIndex = 1; lastKnownFileType = text.xcconfig; name = "Pods-GrabDriver.debug.xcconfig"; path = "Target Support Files/Pods-GrabDriver/Pods-GrabDriver.debug.xcconfig"; sourceTree = "<group>"; };
/* End PBXFileReference section */

/* Begin PBXFrameworksBuildPhase section */
		4E262FE8248C9BE000026E04 /* Frameworks */ = {
			isa = PBXFrameworksBuildPhase;
			buildActionMask = 2147483647;
			files = (
				BE3FA1934C4A518E639F8831 /* Pods_GrabDriver.framework in Frameworks */,
			);
			runOnlyForDeploymentPostprocessing = 0;
		};
/* End PBXFrameworksBuildPhase section */

/* Begin PBXGroup section */
		0E1084E9CB4EB40AC01A7C99 /* Pods */ = {
			isa = PBXGroup;
			children = (
				B61B9ED47F51E1BBDFE5DC64 /* Pods-GrabDriver.debug.xcconfig */,
				932D3589980AA40E65CCA2CA /* Pods-GrabDriver.release.xcconfig */,
			);
			path = Pods;
			sourceTree = "<group>";
		};
		350557538ECE8EEAF14EE67F /* Frameworks */ = {
			isa = PBXGroup;
			children = (
				2753454296299DC44CAD00BB /* Pods_GrabDriver.framework */,
			);
			name = Frameworks;
			sourceTree = "<group>";
		};
		4E262FE2248C9BE000026E04 = {
			isa = PBXGroup;
			children = (
				4E262FED248C9BE000026E04 /* GrabDriver */,
				4E262FEC248C9BE000026E04 /* Products */,
				0E1084E9CB4EB40AC01A7C99 /* Pods */,
				350557538ECE8EEAF14EE67F /* Frameworks */,
			);
			sourceTree = "<group>";
		};
		4E262FEC248C9BE000026E04 /* Products */ = {
			isa = PBXGroup;
			children = (
				4E262FEB248C9BE000026E04 /* Grab Driver.app */,
			);
			name = Products;
			sourceTree = "<group>";
		};
		4E262FED248C9BE000026E04 /* GrabDriver */ = {
			isa = PBXGroup;
			children = (
				4ED41094248C9CD8001CFB18 /* GrabTaxi */,
				4E768391248D559D009DB52A /* GoogleService-Info.plist */,
				4E262FF4248C9BE000026E04 /* Main.storyboard */,
				4E262FF7248C9BE800026E04 /* Assets.xcassets */,
				4E262FFC248C9BE800026E04 /* Info.plist */,
			);
			path = GrabDriver;
			sourceTree = "<group>";
		};
		4ED41094248C9CD8001CFB18 /* GrabTaxi */ = {
			isa = PBXGroup;
			children = (
				4ED41095248C9CD8001CFB18 /* ViewModel */,
				4ED4109A248C9CD8001CFB18 /* Extension */,
				4ED4109D248C9CD8001CFB18 /* Agent */,
				4ED410A0248C9CD8001CFB18 /* Utilites */,
				4ED410A5248C9CD8001CFB18 /* Model */,
				4ED410A8248C9CD8001CFB18 /* View */,
				4ED410B4248C9CD9001CFB18 /* Applauncher */,
				4ED410B9248C9CD9001CFB18 /* ViewController */,
			);
			path = GrabTaxi;
			sourceTree = "<group>";
		};
		4ED41095248C9CD8001CFB18 /* ViewModel */ = {
			isa = PBXGroup;
			children = (
				4ED41096248C9CD8001CFB18 /* Service */,
			);
			path = ViewModel;
			sourceTree = "<group>";
		};
		4ED41096248C9CD8001CFB18 /* Service */ = {
			isa = PBXGroup;
			children = (
				4ED41097248C9CD8001CFB18 /* Service.swift */,
				4ED41098248C9CD8001CFB18 /* RiderService.swift */,
				4ED41099248C9CD8001CFB18 /* DriverService.swift */,
			);
			path = Service;
			sourceTree = "<group>";
		};
		4ED4109A248C9CD8001CFB18 /* Extension */ = {
			isa = PBXGroup;
			children = (
				4ED4109B248C9CD8001CFB18 /* LocationHandler.swift */,
				4ED4109C248C9CD8001CFB18 /* Extensions.swift */,
			);
			path = Extension;
			sourceTree = "<group>";
		};
		4ED4109D248C9CD8001CFB18 /* Agent */ = {
			isa = PBXGroup;
			children = (
				4ED4109E248C9CD8001CFB18 /* Constants */,
			);
			path = Agent;
			sourceTree = "<group>";
		};
		4ED4109E248C9CD8001CFB18 /* Constants */ = {
			isa = PBXGroup;
			children = (
				4ED4109F248C9CD8001CFB18 /* Constants.swift */,
			);
			path = Constants;
			sourceTree = "<group>";
		};
		4ED410A0248C9CD8001CFB18 /* Utilites */ = {
			isa = PBXGroup;
			children = (
				4ED410A1248C9CD8001CFB18 /* SideMenu */,
			);
			path = Utilites;
			sourceTree = "<group>";
		};
		4ED410A1248C9CD8001CFB18 /* SideMenu */ = {
			isa = PBXGroup;
			children = (
				4ED410A2248C9CD8001CFB18 /* SettingsController.swift */,
				4ED410A3248C9CD8001CFB18 /* AddLocationController.swift */,
				4ED410A4248C9CD8001CFB18 /* MenuController.swift */,
			);
			path = SideMenu;
			sourceTree = "<group>";
		};
		4ED410A5248C9CD8001CFB18 /* Model */ = {
			isa = PBXGroup;
			children = (
				4ED410A6248C9CD8001CFB18 /* Trip.swift */,
				4ED410A7248C9CD8001CFB18 /* User.swift */,
			);
			path = Model;
			sourceTree = "<group>";
		};
		4ED410A8248C9CD8001CFB18 /* View */ = {
			isa = PBXGroup;
			children = (
				4ED410A9248C9CD8001CFB18 /* SettingsHeader.swift */,
				4ED410AA248C9CD8001CFB18 /* LocationInputView.swift */,
				4ED410AB248C9CD8001CFB18 /* MenuHeader.swift */,
				4ED410AC248C9CD8001CFB18 /* CircularProgressView.swift */,
				4ED410AD248C9CD8001CFB18 /* LocationCell.swift */,
				4ED410AE248C9CD8001CFB18 /* LocationInputActivationView.swift */,
				4ED410AF248C9CD8001CFB18 /* AuthButton.swift */,
				4ED410B0248C9CD8001CFB18 /* DriverAnnotation.swift */,
				4ED410B1248C9CD8001CFB18 /* RideActionView.swift */,
			);
			path = View;
			sourceTree = "<group>";
		};
		4ED410B4248C9CD9001CFB18 /* Applauncher */ = {
			isa = PBXGroup;
			children = (
				4ED410B5248C9CD9001CFB18 /* LaunchScreen.storyboard */,
				4ED410B7248C9CD9001CFB18 /* AppDelegate.swift */,
				4ED410B8248C9CD9001CFB18 /* SceneDelegate.swift */,
			);
			path = Applauncher;
			sourceTree = "<group>";
		};
		4ED410B9248C9CD9001CFB18 /* ViewController */ = {
			isa = PBXGroup;
			children = (
				4ED410BA248C9CD9001CFB18 /* Module */,
			);
			path = ViewController;
			sourceTree = "<group>";
		};
		4ED410BA248C9CD9001CFB18 /* Module */ = {
			isa = PBXGroup;
			children = (
				4ED410BB248C9CD9001CFB18 /* Home */,
				4ED410BF248C9CD9001CFB18 /* Authentication */,
			);
			path = Module;
			sourceTree = "<group>";
		};
		4ED410BB248C9CD9001CFB18 /* Home */ = {
			isa = PBXGroup;
			children = (
				4ED410BC248C9CD9001CFB18 /* PickupController.swift */,
				4ED410BD248C9CD9001CFB18 /* HomeController.swift */,
				4ED410BE248C9CD9001CFB18 /* ContainerView.swift */,
			);
			path = Home;
			sourceTree = "<group>";
		};
		4ED410BF248C9CD9001CFB18 /* Authentication */ = {
			isa = PBXGroup;
			children = (
				4ED410C0248C9CD9001CFB18 /* LoginController.swift */,
				4ED410C1248C9CD9001CFB18 /* SignUpController.swift */,
			);
			path = Authentication;
			sourceTree = "<group>";
		};
/* End PBXGroup section */

/* Begin PBXNativeTarget section */
		4E262FEA248C9BE000026E04 /* GrabDriver */ = {
			isa = PBXNativeTarget;
			buildConfigurationList = 4E262FFF248C9BE800026E04 /* Build configuration list for PBXNativeTarget "GrabDriver" */;
			buildPhases = (
				19A43FC3C6E667C90D2834AD /* [CP] Check Pods Manifest.lock */,
				4E262FE7248C9BE000026E04 /* Sources */,
				4E262FE8248C9BE000026E04 /* Frameworks */,
				4E262FE9248C9BE000026E04 /* Resources */,
				294DDD8ECD5F34F09C99AFE2 /* [CP] Embed Pods Frameworks */,
			);
			buildRules = (
			);
			dependencies = (
			);
			name = GrabDriver;
			productName = GrabDriver;
			productReference = 4E262FEB248C9BE000026E04 /* Grab Driver.app */;
			productType = "com.apple.product-type.application";
		};
/* End PBXNativeTarget section */

/* Begin PBXProject section */
		4E262FE3248C9BE000026E04 /* Project object */ = {
			isa = PBXProject;
			attributes = {
				LastSwiftUpdateCheck = 1110;
				LastUpgradeCheck = 1110;
				ORGANIZATIONNAME = "Navneet Baldha";
				TargetAttributes = {
					4E262FEA248C9BE000026E04 = {
						CreatedOnToolsVersion = 11.1;
					};
				};
			};
			buildConfigurationList = 4E262FE6248C9BE000026E04 /* Build configuration list for PBXProject "GrabDriver" */;
			compatibilityVersion = "Xcode 9.3";
			developmentRegion = en;
			hasScannedForEncodings = 0;
			knownRegions = (
				en,
				Base,
			);
			mainGroup = 4E262FE2248C9BE000026E04;
			productRefGroup = 4E262FEC248C9BE000026E04 /* Products */;
			projectDirPath = "";
			projectRoot = "";
			targets = (
				4E262FEA248C9BE000026E04 /* GrabDriver */,
			);
		};
/* End PBXProject section */

/* Begin PBXResourcesBuildPhase section */
		4E262FE9248C9BE000026E04 /* Resources */ = {
			isa = PBXResourcesBuildPhase;
			buildActionMask = 2147483647;
			files = (
				4E262FF8248C9BE800026E04 /* Assets.xcassets in Resources */,
				4E768392248D559D009DB52A /* GoogleService-Info.plist in Resources */,
				4ED410D7248C9CD9001CFB18 /* LaunchScreen.storyboard in Resources */,
				4E262FF6248C9BE000026E04 /* Main.storyboard in Resources */,
			);
			runOnlyForDeploymentPostprocessing = 0;
		};
/* End PBXResourcesBuildPhase section */

/* Begin PBXShellScriptBuildPhase section */
		19A43FC3C6E667C90D2834AD /* [CP] Check Pods Manifest.lock */ = {
			isa = PBXShellScriptBuildPhase;
			buildActionMask = 2147483647;
			files = (
			);
			inputFileListPaths = (
			);
			inputPaths = (
				"${PODS_PODFILE_DIR_PATH}/Podfile.lock",
				"${PODS_ROOT}/Manifest.lock",
			);
			name = "[CP] Check Pods Manifest.lock";
			outputFileListPaths = (
			);
			outputPaths = (
				"$(DERIVED_FILE_DIR)/Pods-GrabDriver-checkManifestLockResult.txt",
			);
			runOnlyForDeploymentPostprocessing = 0;
			shellPath = /bin/sh;
			shellScript = "diff \"${PODS_PODFILE_DIR_PATH}/Podfile.lock\" \"${PODS_ROOT}/Manifest.lock\" > /dev/null\nif [ $? != 0 ] ; then\n    # print error to STDERR\n    echo \"error: The sandbox is not in sync with the Podfile.lock. Run 'pod install' or update your CocoaPods installation.\" >&2\n    exit 1\nfi\n# This output is used by Xcode 'outputs' to avoid re-running this script phase.\necho \"SUCCESS\" > \"${SCRIPT_OUTPUT_FILE_0}\"\n";
			showEnvVarsInLog = 0;
		};
		294DDD8ECD5F34F09C99AFE2 /* [CP] Embed Pods Frameworks */ = {
			isa = PBXShellScriptBuildPhase;
			buildActionMask = 2147483647;
			files = (
			);
			inputFileListPaths = (
				"${PODS_ROOT}/Target Support Files/Pods-GrabDriver/Pods-GrabDriver-frameworks-${CONFIGURATION}-input-files.xcfilelist",
			);
			name = "[CP] Embed Pods Frameworks";
			outputFileListPaths = (
				"${PODS_ROOT}/Target Support Files/Pods-GrabDriver/Pods-GrabDriver-frameworks-${CONFIGURATION}-output-files.xcfilelist",
			);
			runOnlyForDeploymentPostprocessing = 0;
			shellPath = /bin/sh;
			shellScript = "\"${PODS_ROOT}/Target Support Files/Pods-GrabDriver/Pods-GrabDriver-frameworks.sh\"\n";
			showEnvVarsInLog = 0;
		};
/* End PBXShellScriptBuildPhase section */

/* Begin PBXSourcesBuildPhase section */
		4E262FE7248C9BE000026E04 /* Sources */ = {
			isa = PBXSourcesBuildPhase;
			buildActionMask = 2147483647;
			files = (
				4ED410D8248C9CD9001CFB18 /* AppDelegate.swift in Sources */,
				4ED410C9248C9CD9001CFB18 /* AddLocationController.swift in Sources */,
				4ED410D3248C9CD9001CFB18 /* AuthButton.swift in Sources */,
				4ED410D5248C9CD9001CFB18 /* RideActionView.swift in Sources */,
				4ED410D4248C9CD9001CFB18 /* DriverAnnotation.swift in Sources */,
				4ED410DE248C9CD9001CFB18 /* SignUpController.swift in Sources */,
				4ED410C4248C9CD9001CFB18 /* DriverService.swift in Sources */,
				4ED410C3248C9CD9001CFB18 /* RiderService.swift in Sources */,
				4ED410CF248C9CD9001CFB18 /* MenuHeader.swift in Sources */,
				4ED410CA248C9CD9001CFB18 /* MenuController.swift in Sources */,
				4ED410CD248C9CD9001CFB18 /* SettingsHeader.swift in Sources */,
				4ED410CE248C9CD9001CFB18 /* LocationInputView.swift in Sources */,
				4ED410DD248C9CD9001CFB18 /* LoginController.swift in Sources */,
				4ED410DC248C9CD9001CFB18 /* ContainerView.swift in Sources */,
				4ED410C6248C9CD9001CFB18 /* Extensions.swift in Sources */,
				4ED410CC248C9CD9001CFB18 /* User.swift in Sources */,
				4ED410D2248C9CD9001CFB18 /* LocationInputActivationView.swift in Sources */,
				4ED410D0248C9CD9001CFB18 /* CircularProgressView.swift in Sources */,
				4ED410C2248C9CD9001CFB18 /* Service.swift in Sources */,
				4ED410CB248C9CD9001CFB18 /* Trip.swift in Sources */,
				4ED410DA248C9CD9001CFB18 /* PickupController.swift in Sources */,
				4ED410C8248C9CD9001CFB18 /* SettingsController.swift in Sources */,
				4ED410D9248C9CD9001CFB18 /* SceneDelegate.swift in Sources */,
				4ED410D1248C9CD9001CFB18 /* LocationCell.swift in Sources */,
				4ED410DB248C9CD9001CFB18 /* HomeController.swift in Sources */,
				4ED410C5248C9CD9001CFB18 /* LocationHandler.swift in Sources */,
				4ED410C7248C9CD9001CFB18 /* Constants.swift in Sources */,
			);
			runOnlyForDeploymentPostprocessing = 0;
		};
/* End PBXSourcesBuildPhase section */

/* Begin PBXVariantGroup section */
		4E262FF4248C9BE000026E04 /* Main.storyboard */ = {
			isa = PBXVariantGroup;
			children = (
				4E262FF5248C9BE000026E04 /* Base */,
			);
			name = Main.storyboard;
			sourceTree = "<group>";
		};
		4ED410B5248C9CD9001CFB18 /* LaunchScreen.storyboard */ = {
			isa = PBXVariantGroup;
			children = (
				4ED410B6248C9CD9001CFB18 /* Base */,
			);
			name = LaunchScreen.storyboard;
			sourceTree = "<group>";
		};
/* End PBXVariantGroup section */

/* Begin XCBuildConfiguration section */
		4E262FFD248C9BE800026E04 /* Debug */ = {
			isa = XCBuildConfiguration;
			buildSettings = {
				ALWAYS_SEARCH_USER_PATHS = NO;
				CLANG_ANALYZER_NONNULL = YES;
				CLANG_ANALYZER_NUMBER_OBJECT_CONVERSION = YES_AGGRESSIVE;
				CLANG_CXX_LANGUAGE_STANDARD = "gnu++14";
				CLANG_CXX_LIBRARY = "libc++";
				CLANG_ENABLE_MODULES = YES;
				CLANG_ENABLE_OBJC_ARC = YES;
				CLANG_ENABLE_OBJC_WEAK = YES;
				CLANG_WARN_BLOCK_CAPTURE_AUTORELEASING = YES;
				CLANG_WARN_BOOL_CONVERSION = YES;
				CLANG_WARN_COMMA = YES;
				CLANG_WARN_CONSTANT_CONVERSION = YES;
				CLANG_WARN_DEPRECATED_OBJC_IMPLEMENTATIONS = YES;
				CLANG_WARN_DIRECT_OBJC_ISA_USAGE = YES_ERROR;
				CLANG_WARN_DOCUMENTATION_COMMENTS = YES;
				CLANG_WARN_EMPTY_BODY = YES;
				CLANG_WARN_ENUM_CONVERSION = YES;
				CLANG_WARN_INFINITE_RECURSION = YES;
				CLANG_WARN_INT_CONVERSION = YES;
				CLANG_WARN_NON_LITERAL_NULL_CONVERSION = YES;
				CLANG_WARN_OBJC_IMPLICIT_RETAIN_SELF = YES;
				CLANG_WARN_OBJC_LITERAL_CONVERSION = YES;
				CLANG_WARN_OBJC_ROOT_CLASS = YES_ERROR;
				CLANG_WARN_RANGE_LOOP_ANALYSIS = YES;
				CLANG_WARN_STRICT_PROTOTYPES = YES;
				CLANG_WARN_SUSPICIOUS_MOVE = YES;
				CLANG_WARN_UNGUARDED_AVAILABILITY = YES_AGGRESSIVE;
				CLANG_WARN_UNREACHABLE_CODE = YES;
				CLANG_WARN__DUPLICATE_METHOD_MATCH = YES;
				COPY_PHASE_STRIP = NO;
				DEBUG_INFORMATION_FORMAT = dwarf;
				ENABLE_STRICT_OBJC_MSGSEND = YES;
				ENABLE_TESTABILITY = YES;
				GCC_C_LANGUAGE_STANDARD = gnu11;
				GCC_DYNAMIC_NO_PIC = NO;
				GCC_NO_COMMON_BLOCKS = YES;
				GCC_OPTIMIZATION_LEVEL = 0;
				GCC_PREPROCESSOR_DEFINITIONS = (
					"DEBUG=1",
					"$(inherited)",
				);
				GCC_WARN_64_TO_32_BIT_CONVERSION = YES;
				GCC_WARN_ABOUT_RETURN_TYPE = YES_ERROR;
				GCC_WARN_UNDECLARED_SELECTOR = YES;
				GCC_WARN_UNINITIALIZED_AUTOS = YES_AGGRESSIVE;
				GCC_WARN_UNUSED_FUNCTION = YES;
				GCC_WARN_UNUSED_VARIABLE = YES;
				IPHONEOS_DEPLOYMENT_TARGET = 13.1;
				MTL_ENABLE_DEBUG_INFO = INCLUDE_SOURCE;
				MTL_FAST_MATH = YES;
				ONLY_ACTIVE_ARCH = YES;
				SDKROOT = iphoneos;
				SWIFT_ACTIVE_COMPILATION_CONDITIONS = DEBUG;
				SWIFT_OPTIMIZATION_LEVEL = "-Onone";
			};
			name = Debug;
		};
		4E262FFE248C9BE800026E04 /* Release */ = {
			isa = XCBuildConfiguration;
			buildSettings = {
				ALWAYS_SEARCH_USER_PATHS = NO;
				CLANG_ANALYZER_NONNULL = YES;
				CLANG_ANALYZER_NUMBER_OBJECT_CONVERSION = YES_AGGRESSIVE;
				CLANG_CXX_LANGUAGE_STANDARD = "gnu++14";
				CLANG_CXX_LIBRARY = "libc++";
				CLANG_ENABLE_MODULES = YES;
				CLANG_ENABLE_OBJC_ARC = YES;
				CLANG_ENABLE_OBJC_WEAK = YES;
				CLANG_WARN_BLOCK_CAPTURE_AUTORELEASING = YES;
				CLANG_WARN_BOOL_CONVERSION = YES;
				CLANG_WARN_COMMA = YES;
				CLANG_WARN_CONSTANT_CONVERSION = YES;
				CLANG_WARN_DEPRECATED_OBJC_IMPLEMENTATIONS = YES;
				CLANG_WARN_DIRECT_OBJC_ISA_USAGE = YES_ERROR;
				CLANG_WARN_DOCUMENTATION_COMMENTS = YES;
				CLANG_WARN_EMPTY_BODY = YES;
				CLANG_WARN_ENUM_CONVERSION = YES;
				CLANG_WARN_INFINITE_RECURSION = YES;
				CLANG_WARN_INT_CONVERSION = YES;
				CLANG_WARN_NON_LITERAL_NULL_CONVERSION = YES;
				CLANG_WARN_OBJC_IMPLICIT_RETAIN_SELF = YES;
				CLANG_WARN_OBJC_LITERAL_CONVERSION = YES;
				CLANG_WARN_OBJC_ROOT_CLASS = YES_ERROR;
				CLANG_WARN_RANGE_LOOP_ANALYSIS = YES;
				CLANG_WARN_STRICT_PROTOTYPES = YES;
				CLANG_WARN_SUSPICIOUS_MOVE = YES;
				CLANG_WARN_UNGUARDED_AVAILABILITY = YES_AGGRESSIVE;
				CLANG_WARN_UNREACHABLE_CODE = YES;
				CLANG_WARN__DUPLICATE_METHOD_MATCH = YES;
				COPY_PHASE_STRIP = NO;
				DEBUG_INFORMATION_FORMAT = "dwarf-with-dsym";
				ENABLE_NS_ASSERTIONS = NO;
				ENABLE_STRICT_OBJC_MSGSEND = YES;
				GCC_C_LANGUAGE_STANDARD = gnu11;
				GCC_NO_COMMON_BLOCKS = YES;
				GCC_WARN_64_TO_32_BIT_CONVERSION = YES;
				GCC_WARN_ABOUT_RETURN_TYPE = YES_ERROR;
				GCC_WARN_UNDECLARED_SELECTOR = YES;
				GCC_WARN_UNINITIALIZED_AUTOS = YES_AGGRESSIVE;
				GCC_WARN_UNUSED_FUNCTION = YES;
				GCC_WARN_UNUSED_VARIABLE = YES;
				IPHONEOS_DEPLOYMENT_TARGET = 13.1;
				MTL_ENABLE_DEBUG_INFO = NO;
				MTL_FAST_MATH = YES;
				SDKROOT = iphoneos;
				SWIFT_COMPILATION_MODE = wholemodule;
				SWIFT_OPTIMIZATION_LEVEL = "-O";
				VALIDATE_PRODUCT = YES;
			};
			name = Release;
		};
		4E263000248C9BE800026E04 /* Debug */ = {
			isa = XCBuildConfiguration;
			baseConfigurationReference = B61B9ED47F51E1BBDFE5DC64 /* Pods-GrabDriver.debug.xcconfig */;
			buildSettings = {
				ASSETCATALOG_COMPILER_APPICON_NAME = AppIcon;
				CODE_SIGN_STYLE = Automatic;
				DEVELOPMENT_TEAM = QBHXGQR685;
				INFOPLIST_FILE = GrabDriver/Info.plist;
				LD_RUNPATH_SEARCH_PATHS = (
					"$(inherited)",
					"@executable_path/Frameworks",
				);
				MARKETING_VERSION = 2.0.0;
				PRODUCT_BUNDLE_IDENTIFIER = com.navneetbaldha.grabdriver;
				PRODUCT_NAME = "Grab Driver";
				SWIFT_VERSION = 5.0;
				TARGETED_DEVICE_FAMILY = "1,2";
			};
			name = Debug;
		};
		4E263001248C9BE800026E04 /* Release */ = {
			isa = XCBuildConfiguration;
			baseConfigurationReference = 932D3589980AA40E65CCA2CA /* Pods-GrabDriver.release.xcconfig */;
			buildSettings = {
				ASSETCATALOG_COMPILER_APPICON_NAME = AppIcon;
				CODE_SIGN_STYLE = Automatic;
				DEVELOPMENT_TEAM = QBHXGQR685;
				INFOPLIST_FILE = GrabDriver/Info.plist;
				LD_RUNPATH_SEARCH_PATHS = (
					"$(inherited)",
					"@executable_path/Frameworks",
				);
				MARKETING_VERSION = 2.0.0;
				PRODUCT_BUNDLE_IDENTIFIER = com.navneetbaldha.grabdriver;
				PRODUCT_NAME = "Grab Driver";
				SWIFT_VERSION = 5.0;
				TARGETED_DEVICE_FAMILY = "1,2";
			};
			name = Release;
		};
/* End XCBuildConfiguration section */

/* Begin XCConfigurationList section */
		4E262FE6248C9BE000026E04 /* Build configuration list for PBXProject "GrabDriver" */ = {
			isa = XCConfigurationList;
			buildConfigurations = (
				4E262FFD248C9BE800026E04 /* Debug */,
				4E262FFE248C9BE800026E04 /* Release */,
			);
			defaultConfigurationIsVisible = 0;
			defaultConfigurationName = Release;
		};
		4E262FFF248C9BE800026E04 /* Build configuration list for PBXNativeTarget "GrabDriver" */ = {
			isa = XCConfigurationList;
			buildConfigurations = (
				4E263000248C9BE800026E04 /* Debug */,
				4E263001248C9BE800026E04 /* Release */,
			);
			defaultConfigurationIsVisible = 0;
			defaultConfigurationName = Release;
		};
/* End XCConfigurationList section */
	};
	rootObject = 4E262FE3248C9BE000026E04 /* Project object */;
}
